
Microsoft Visual Studio Solution File, Format Version 11.00
# Visual Studio 2010
Project("{FAE04EC0-301F-11D3-BF4B-00C04F79EFBC}") = "IRCBot", "IRCBot\IRCBot.csproj", "{3925F296-30E1-42DB-8928-7DADEA97D2FD}"
EndProject
Project("{FAE04EC0-301F-11D3-BF4B-00C04F79EFBC}") = "IRC", "IRC\IRC.csproj", "{E2ED01E9-CE95-46D5-B4B1-59856DCF4D58}"
EndProject
Project("{FAE04EC0-301F-11D3-BF4B-00C04F79EFBC}") = "Parsing", "parsing\Parsing\Parsing.csproj", "{E36A5B4B-33FC-4AE8-8990-9B7625C38B85}"
EndProject
Global
	GlobalSection(SolutionConfigurationPlatforms) = preSolution
		Debug|Any CPU = Debug|Any CPU
		Release|Any CPU = Release|Any CPU
	EndGlobalSection
	GlobalSection(ProjectConfigurationPlatforms) = postSolution
		{3925F296-30E1-42DB-8928-7DADEA97D2FD}.Debug|Any CPU.ActiveCfg = Debug|Any CPU
		{3925F296-30E1-42DB-8928-7DADEA97D2FD}.Debug|Any CPU.Build.0 = Debug|Any CPU
		{3925F296-30E1-42DB-8928-7DADEA97D2FD}.Release|Any CPU.ActiveCfg = Release|Any CPU
		{3925F296-30E1-42DB-8928-7DADEA97D2FD}.Release|Any CPU.Build.0 = Release|Any CPU
		{E2ED01E9-CE95-46D5-B4B1-59856DCF4D58}.Debug|Any CPU.ActiveCfg = Debug|Any CPU
		{E2ED01E9-CE95-46D5-B4B1-59856DCF4D58}.Debug|Any CPU.Build.0 = Debug|Any CPU
		{E2ED01E9-CE95-46D5-B4B1-59856DCF4D58}.Release|Any CPU.ActiveCfg = Release|Any CPU
		{E2ED01E9-CE95-46D5-B4B1-59856DCF4D58}.Release|Any CPU.Build.0 = Release|Any CPU
		{E36A5B4B-33FC-4AE8-8990-9B7625C38B85}.Debug|Any CPU.ActiveCfg = Debug|Any CPU
		{E36A5B4B-33FC-4AE8-8990-9B7625C38B85}.Debug|Any CPU.Build.0 = Debug|Any CPU
		{E36A5B4B-33FC-4AE8-8990-9B7625C38B85}.Release|Any CPU.ActiveCfg = Release|Any CPU
		{E36A5B4B-33FC-4AE8-8990-9B7625C38B85}.Release|Any CPU.Build.0 = Release|Any CPU
	EndGlobalSection
	GlobalSection(SolutionProperties) = preSolution
		HideSolutionNode = FALSE
	EndGlobalSection
	GlobalSection(MonoDevelopProperties) = preSolution
		StartupItem = IRCBot.csproj
		Policies = $0
		$0.DotNetNamingPolicy = $1
		$1.DirectoryNamespaceAssociation = None
		$1.ResourceNamePolicy = FileFormatDefault
		$0.TextStylePolicy = $2
		$2.inheritsSet = null
		$2.scope = text/x-csharp
		$0.CSharpFormattingPolicy = $3
		$3.inheritsSet = Mono
		$3.inheritsScope = text/x-csharp
		$3.scope = text/x-csharp
		$0.TextStylePolicy = $4
		$4.FileWidth = 120
		$4.TabWidth = 4
		$4.inheritsSet = Mono
		$4.inheritsScope = text/plain
		$4.scope = text/plain
		$0.StandardHeader = $5
		$5.Text = 
		$5.inheritsSet = Apache2License
		$0.VersionControlPolicy = $6
		$6.inheritsSet = Mono
		$0.ChangeLogPolicy = $7
		$7.UpdateMode = None
		$7.MessageStyle = $8
		$8.LineAlign = 0
		$7.inheritsSet = Mono
	EndGlobalSection
EndGlobal
